
Microsoft Visual Studio Solution File, Format Version 12.00
# Visual Studio 15
VisualStudioVersion = 15.0.26124.0
MinimumVisualStudioVersion = 15.0.26124.0
Project("{2150E333-8FDC-42A3-9474-1A3956D46DE8}") = "src", "src", "{482202F5-4057-4326-A5A2-EC4F92ADC531}"
EndProject
Project("{FAE04EC0-301F-11D3-BF4B-00C04F79EFBC}") = "GlobalShutcutCustomizer", "src\GlobalShutcutCustomizer\GlobalShutcutCustomizer.csproj", "{38313D79-2CD9-4F4D-BB97-09D1C8EC28E3}"
EndProject
Project("{FAE04EC0-301F-11D3-BF4B-00C04F79EFBC}") = "AtTheFront", "src\AtTheFront\AtTheFront.csproj", "{70730BA8-151A-4A82-B297-3BAFA272B656}"
EndProject
Project("{FAE04EC0-301F-11D3-BF4B-00C04F79EFBC}") = "VolumeCommandManager", "src\VolumeCommandManager\VolumeCommandManager.csproj", "{03BCFBAD-52E3-401E-8802-3130E91C0146}"
Project("{FAE04EC0-301F-11D3-BF4B-00C04F79EFBC}") = "CommonLibrary", "src\CommonLibrary\CommonLibrary.csproj", "{98E556AD-C25C-408E-97E8-7B35F8A1DF1C}"
EndProject
Global
	GlobalSection(SolutionConfigurationPlatforms) = preSolution
		Debug|Any CPU = Debug|Any CPU
		Debug|x64 = Debug|x64
		Debug|x86 = Debug|x86
		Release|Any CPU = Release|Any CPU
		Release|x64 = Release|x64
		Release|x86 = Release|x86
	EndGlobalSection
	GlobalSection(SolutionProperties) = preSolution
		HideSolutionNode = FALSE
	EndGlobalSection
	GlobalSection(ProjectConfigurationPlatforms) = postSolution
		{38313D79-2CD9-4F4D-BB97-09D1C8EC28E3}.Debug|Any CPU.ActiveCfg = Debug|Any CPU
		{38313D79-2CD9-4F4D-BB97-09D1C8EC28E3}.Debug|Any CPU.Build.0 = Debug|Any CPU
		{38313D79-2CD9-4F4D-BB97-09D1C8EC28E3}.Debug|x64.ActiveCfg = Debug|Any CPU
		{38313D79-2CD9-4F4D-BB97-09D1C8EC28E3}.Debug|x64.Build.0 = Debug|Any CPU
		{38313D79-2CD9-4F4D-BB97-09D1C8EC28E3}.Debug|x86.ActiveCfg = Debug|Any CPU
		{38313D79-2CD9-4F4D-BB97-09D1C8EC28E3}.Debug|x86.Build.0 = Debug|Any CPU
		{38313D79-2CD9-4F4D-BB97-09D1C8EC28E3}.Release|Any CPU.ActiveCfg = Release|Any CPU
		{38313D79-2CD9-4F4D-BB97-09D1C8EC28E3}.Release|Any CPU.Build.0 = Release|Any CPU
		{38313D79-2CD9-4F4D-BB97-09D1C8EC28E3}.Release|x64.ActiveCfg = Release|Any CPU
		{38313D79-2CD9-4F4D-BB97-09D1C8EC28E3}.Release|x64.Build.0 = Release|Any CPU
		{38313D79-2CD9-4F4D-BB97-09D1C8EC28E3}.Release|x86.ActiveCfg = Release|Any CPU
		{38313D79-2CD9-4F4D-BB97-09D1C8EC28E3}.Release|x86.Build.0 = Release|Any CPU
		{70730BA8-151A-4A82-B297-3BAFA272B656}.Debug|Any CPU.ActiveCfg = Debug|Any CPU
		{70730BA8-151A-4A82-B297-3BAFA272B656}.Debug|Any CPU.Build.0 = Debug|Any CPU
		{70730BA8-151A-4A82-B297-3BAFA272B656}.Debug|x64.ActiveCfg = Debug|Any CPU
		{70730BA8-151A-4A82-B297-3BAFA272B656}.Debug|x64.Build.0 = Debug|Any CPU
		{70730BA8-151A-4A82-B297-3BAFA272B656}.Debug|x86.ActiveCfg = Debug|Any CPU
		{70730BA8-151A-4A82-B297-3BAFA272B656}.Debug|x86.Build.0 = Debug|Any CPU
		{70730BA8-151A-4A82-B297-3BAFA272B656}.Release|Any CPU.ActiveCfg = Release|Any CPU
		{70730BA8-151A-4A82-B297-3BAFA272B656}.Release|Any CPU.Build.0 = Release|Any CPU
		{70730BA8-151A-4A82-B297-3BAFA272B656}.Release|x64.ActiveCfg = Release|Any CPU
		{70730BA8-151A-4A82-B297-3BAFA272B656}.Release|x64.Build.0 = Release|Any CPU
		{70730BA8-151A-4A82-B297-3BAFA272B656}.Release|x86.ActiveCfg = Release|Any CPU
		{70730BA8-151A-4A82-B297-3BAFA272B656}.Release|x86.Build.0 = Release|Any CPU
<<<<<<< HEAD
		{03BCFBAD-52E3-401E-8802-3130E91C0146}.Debug|Any CPU.ActiveCfg = Debug|Any CPU
		{03BCFBAD-52E3-401E-8802-3130E91C0146}.Debug|Any CPU.Build.0 = Debug|Any CPU
		{03BCFBAD-52E3-401E-8802-3130E91C0146}.Debug|x64.ActiveCfg = Debug|Any CPU
		{03BCFBAD-52E3-401E-8802-3130E91C0146}.Debug|x64.Build.0 = Debug|Any CPU
		{03BCFBAD-52E3-401E-8802-3130E91C0146}.Debug|x86.ActiveCfg = Debug|Any CPU
		{03BCFBAD-52E3-401E-8802-3130E91C0146}.Debug|x86.Build.0 = Debug|Any CPU
		{03BCFBAD-52E3-401E-8802-3130E91C0146}.Release|Any CPU.ActiveCfg = Release|Any CPU
		{03BCFBAD-52E3-401E-8802-3130E91C0146}.Release|Any CPU.Build.0 = Release|Any CPU
		{03BCFBAD-52E3-401E-8802-3130E91C0146}.Release|x64.ActiveCfg = Release|Any CPU
		{03BCFBAD-52E3-401E-8802-3130E91C0146}.Release|x64.Build.0 = Release|Any CPU
		{03BCFBAD-52E3-401E-8802-3130E91C0146}.Release|x86.ActiveCfg = Release|Any CPU
		{03BCFBAD-52E3-401E-8802-3130E91C0146}.Release|x86.Build.0 = Release|Any CPU
=======
		{98E556AD-C25C-408E-97E8-7B35F8A1DF1C}.Debug|Any CPU.ActiveCfg = Debug|Any CPU
		{98E556AD-C25C-408E-97E8-7B35F8A1DF1C}.Debug|Any CPU.Build.0 = Debug|Any CPU
		{98E556AD-C25C-408E-97E8-7B35F8A1DF1C}.Debug|x64.ActiveCfg = Debug|Any CPU
		{98E556AD-C25C-408E-97E8-7B35F8A1DF1C}.Debug|x64.Build.0 = Debug|Any CPU
		{98E556AD-C25C-408E-97E8-7B35F8A1DF1C}.Debug|x86.ActiveCfg = Debug|Any CPU
		{98E556AD-C25C-408E-97E8-7B35F8A1DF1C}.Debug|x86.Build.0 = Debug|Any CPU
		{98E556AD-C25C-408E-97E8-7B35F8A1DF1C}.Release|Any CPU.ActiveCfg = Release|Any CPU
		{98E556AD-C25C-408E-97E8-7B35F8A1DF1C}.Release|Any CPU.Build.0 = Release|Any CPU
		{98E556AD-C25C-408E-97E8-7B35F8A1DF1C}.Release|x64.ActiveCfg = Release|Any CPU
		{98E556AD-C25C-408E-97E8-7B35F8A1DF1C}.Release|x64.Build.0 = Release|Any CPU
		{98E556AD-C25C-408E-97E8-7B35F8A1DF1C}.Release|x86.ActiveCfg = Release|Any CPU
		{98E556AD-C25C-408E-97E8-7B35F8A1DF1C}.Release|x86.Build.0 = Release|Any CPU
>>>>>>> develop
	EndGlobalSection
	GlobalSection(NestedProjects) = preSolution
		{38313D79-2CD9-4F4D-BB97-09D1C8EC28E3} = {482202F5-4057-4326-A5A2-EC4F92ADC531}
		{70730BA8-151A-4A82-B297-3BAFA272B656} = {482202F5-4057-4326-A5A2-EC4F92ADC531}
<<<<<<< HEAD
		{03BCFBAD-52E3-401E-8802-3130E91C0146} = {482202F5-4057-4326-A5A2-EC4F92ADC531}
=======
		{98E556AD-C25C-408E-97E8-7B35F8A1DF1C} = {482202F5-4057-4326-A5A2-EC4F92ADC531}
>>>>>>> develop
	EndGlobalSection
EndGlobal
